// !$*UTF8*$!
{
	archiveVersion = 1;
	classes = {
	};
	objectVersion = 50;
	objects = {

/* Begin PBXBuildFile section */
		4709E75825501C02003A97F7 /* AppDelegate.swift in Sources */ = {isa = PBXBuildFile; fileRef = 4709E75725501C02003A97F7 /* AppDelegate.swift */; };
		4709E75A25501C02003A97F7 /* SceneDelegate.swift in Sources */ = {isa = PBXBuildFile; fileRef = 4709E75925501C02003A97F7 /* SceneDelegate.swift */; };
		4709E75C25501C02003A97F7 /* SearchPhotosController.swift in Sources */ = {isa = PBXBuildFile; fileRef = 4709E75B25501C02003A97F7 /* SearchPhotosController.swift */; };
		4709E75F25501C02003A97F7 /* Main.storyboard in Resources */ = {isa = PBXBuildFile; fileRef = 4709E75D25501C02003A97F7 /* Main.storyboard */; };
		4709E76225501C02003A97F7 /* PhotoSearcher.xcdatamodeld in Sources */ = {isa = PBXBuildFile; fileRef = 4709E76025501C02003A97F7 /* PhotoSearcher.xcdatamodeld */; };
		4709E76425501C04003A97F7 /* Assets.xcassets in Resources */ = {isa = PBXBuildFile; fileRef = 4709E76325501C04003A97F7 /* Assets.xcassets */; };
		4709E76725501C05003A97F7 /* LaunchScreen.storyboard in Resources */ = {isa = PBXBuildFile; fileRef = 4709E76525501C05003A97F7 /* LaunchScreen.storyboard */; };
		4709E772255023F7003A97F7 /* FullScreenPhotosController.swift in Sources */ = {isa = PBXBuildFile; fileRef = 4709E771255023F7003A97F7 /* FullScreenPhotosController.swift */; };
		472531312553E9A000772ECC /* NotificationNames.swift in Sources */ = {isa = PBXBuildFile; fileRef = 472531302553E9A000772ECC /* NotificationNames.swift */; };
		47253137255422D200772ECC /* SearchViewModel.swift in Sources */ = {isa = PBXBuildFile; fileRef = 47253136255422D200772ECC /* SearchViewModel.swift */; };
		4732596325516B5C0088C27C /* LargePhoto.swift in Sources */ = {isa = PBXBuildFile; fileRef = 4732596225516B5C0088C27C /* LargePhoto.swift */; };
		4732596725516F5E0088C27C /* ActivityIndicatorExtension.swift in Sources */ = {isa = PBXBuildFile; fileRef = 4732596625516F5E0088C27C /* ActivityIndicatorExtension.swift */; };
		4732596C2551950C0088C27C /* BasicAlert.swift in Sources */ = {isa = PBXBuildFile; fileRef = 4732596B2551950C0088C27C /* BasicAlert.swift */; };
		4732596F2551ACE40088C27C /* SuccessfulSearchHandler.swift in Sources */ = {isa = PBXBuildFile; fileRef = 4732596E2551ACE40088C27C /* SuccessfulSearchHandler.swift */; };
		473259732551AD370088C27C /* CoreDataManager.swift in Sources */ = {isa = PBXBuildFile; fileRef = 473259722551AD370088C27C /* CoreDataManager.swift */; };
		4778E3B22550265B000B0EB7 /* APIKeys.swift in Sources */ = {isa = PBXBuildFile; fileRef = 4778E3B12550265B000B0EB7 /* APIKeys.swift */; };
		4778E3BB2550288F000B0EB7 /* pixabaySecretApiKey.json in Resources */ = {isa = PBXBuildFile; fileRef = 4778E3BA2550288F000B0EB7 /* pixabaySecretApiKey.json */; };
		4778E3C325502E14000B0EB7 /* PhotoCollectionViewCell.xib in Resources */ = {isa = PBXBuildFile; fileRef = 4778E3C225502E14000B0EB7 /* PhotoCollectionViewCell.xib */; };
		4778E3C6255040C2000B0EB7 /* PhotoCollectionViewCell.swift in Sources */ = {isa = PBXBuildFile; fileRef = 4778E3C5255040C2000B0EB7 /* PhotoCollectionViewCell.swift */; };
		4778E3CD255045FA000B0EB7 /* SuggestedSearchTableController.swift in Sources */ = {isa = PBXBuildFile; fileRef = 4778E3CC255045FA000B0EB7 /* SuggestedSearchTableController.swift */; };
		4778E3D025504BF1000B0EB7 /* SugestedSearchTableCell.xib in Resources */ = {isa = PBXBuildFile; fileRef = 4778E3CF25504BF1000B0EB7 /* SugestedSearchTableCell.xib */; };
		4778E3D325504C79000B0EB7 /* SugestedSearchTableViewCell.swift in Sources */ = {isa = PBXBuildFile; fileRef = 4778E3D225504C79000B0EB7 /* SugestedSearchTableViewCell.swift */; };
		47E2B42C25515184001204DB /* PhotosSearchService.swift in Sources */ = {isa = PBXBuildFile; fileRef = 47E2B42B25515184001204DB /* PhotosSearchService.swift */; };
		47E2B42F255151A4001204DB /* PhotosDownloadService.swift in Sources */ = {isa = PBXBuildFile; fileRef = 47E2B42E255151A4001204DB /* PhotosDownloadService.swift */; };
		47E2B432255154B6001204DB /* PhotoQuerySearchResult.swift in Sources */ = {isa = PBXBuildFile; fileRef = 47E2B431255154B6001204DB /* PhotoQuerySearchResult.swift */; };
		47E2B43525515535001204DB /* PhotoData.swift in Sources */ = {isa = PBXBuildFile; fileRef = 47E2B43425515535001204DB /* PhotoData.swift */; };
/* End PBXBuildFile section */

/* Begin PBXFileReference section */
		4709E75425501C02003A97F7 /* PhotoSearcher.app */ = {isa = PBXFileReference; explicitFileType = wrapper.application; includeInIndex = 0; path = PhotoSearcher.app; sourceTree = BUILT_PRODUCTS_DIR; };
		4709E75725501C02003A97F7 /* AppDelegate.swift */ = {isa = PBXFileReference; lastKnownFileType = sourcecode.swift; path = AppDelegate.swift; sourceTree = "<group>"; };
		4709E75925501C02003A97F7 /* SceneDelegate.swift */ = {isa = PBXFileReference; lastKnownFileType = sourcecode.swift; path = SceneDelegate.swift; sourceTree = "<group>"; };
		4709E75B25501C02003A97F7 /* SearchPhotosController.swift */ = {isa = PBXFileReference; lastKnownFileType = sourcecode.swift; path = SearchPhotosController.swift; sourceTree = "<group>"; };
		4709E75E25501C02003A97F7 /* Base */ = {isa = PBXFileReference; lastKnownFileType = file.storyboard; name = Base; path = Base.lproj/Main.storyboard; sourceTree = "<group>"; };
		4709E76125501C02003A97F7 /* PhotoSearcher.xcdatamodel */ = {isa = PBXFileReference; lastKnownFileType = wrapper.xcdatamodel; path = PhotoSearcher.xcdatamodel; sourceTree = "<group>"; };
		4709E76325501C04003A97F7 /* Assets.xcassets */ = {isa = PBXFileReference; lastKnownFileType = folder.assetcatalog; path = Assets.xcassets; sourceTree = "<group>"; };
		4709E76625501C05003A97F7 /* Base */ = {isa = PBXFileReference; lastKnownFileType = file.storyboard; name = Base; path = Base.lproj/LaunchScreen.storyboard; sourceTree = "<group>"; };
		4709E76825501C05003A97F7 /* Info.plist */ = {isa = PBXFileReference; lastKnownFileType = text.plist.xml; path = Info.plist; sourceTree = "<group>"; };
		4709E771255023F7003A97F7 /* FullScreenPhotosController.swift */ = {isa = PBXFileReference; lastKnownFileType = sourcecode.swift; path = FullScreenPhotosController.swift; sourceTree = "<group>"; };
		472531302553E9A000772ECC /* NotificationNames.swift */ = {isa = PBXFileReference; lastKnownFileType = sourcecode.swift; path = NotificationNames.swift; sourceTree = "<group>"; };
		47253136255422D200772ECC /* SearchViewModel.swift */ = {isa = PBXFileReference; lastKnownFileType = sourcecode.swift; path = SearchViewModel.swift; sourceTree = "<group>"; };
		4732596225516B5C0088C27C /* LargePhoto.swift */ = {isa = PBXFileReference; lastKnownFileType = sourcecode.swift; path = LargePhoto.swift; sourceTree = "<group>"; };
		4732596625516F5E0088C27C /* ActivityIndicatorExtension.swift */ = {isa = PBXFileReference; lastKnownFileType = sourcecode.swift; path = ActivityIndicatorExtension.swift; sourceTree = "<group>"; };
		4732596B2551950C0088C27C /* BasicAlert.swift */ = {isa = PBXFileReference; lastKnownFileType = sourcecode.swift; path = BasicAlert.swift; sourceTree = "<group>"; };
		4732596E2551ACE40088C27C /* SuccessfulSearchHandler.swift */ = {isa = PBXFileReference; lastKnownFileType = sourcecode.swift; path = SuccessfulSearchHandler.swift; sourceTree = "<group>"; };
		473259722551AD370088C27C /* CoreDataManager.swift */ = {isa = PBXFileReference; lastKnownFileType = sourcecode.swift; path = CoreDataManager.swift; sourceTree = "<group>"; };
		4778E3B12550265B000B0EB7 /* APIKeys.swift */ = {isa = PBXFileReference; lastKnownFileType = sourcecode.swift; path = APIKeys.swift; sourceTree = "<group>"; };
		4778E3BA2550288F000B0EB7 /* pixabaySecretApiKey.json */ = {isa = PBXFileReference; lastKnownFileType = text.json; path = pixabaySecretApiKey.json; sourceTree = "<group>"; };
		4778E3C225502E14000B0EB7 /* PhotoCollectionViewCell.xib */ = {isa = PBXFileReference; lastKnownFileType = file.xib; path = PhotoCollectionViewCell.xib; sourceTree = "<group>"; };
		4778E3C5255040C2000B0EB7 /* PhotoCollectionViewCell.swift */ = {isa = PBXFileReference; lastKnownFileType = sourcecode.swift; path = PhotoCollectionViewCell.swift; sourceTree = "<group>"; };
		4778E3CC255045FA000B0EB7 /* SuggestedSearchTableController.swift */ = {isa = PBXFileReference; lastKnownFileType = sourcecode.swift; path = SuggestedSearchTableController.swift; sourceTree = "<group>"; };
		4778E3CF25504BF1000B0EB7 /* SugestedSearchTableCell.xib */ = {isa = PBXFileReference; lastKnownFileType = file.xib; path = SugestedSearchTableCell.xib; sourceTree = "<group>"; };
		4778E3D225504C79000B0EB7 /* SugestedSearchTableViewCell.swift */ = {isa = PBXFileReference; lastKnownFileType = sourcecode.swift; path = SugestedSearchTableViewCell.swift; sourceTree = "<group>"; };
		47E2B42B25515184001204DB /* PhotosSearchService.swift */ = {isa = PBXFileReference; lastKnownFileType = sourcecode.swift; path = PhotosSearchService.swift; sourceTree = "<group>"; };
		47E2B42E255151A4001204DB /* PhotosDownloadService.swift */ = {isa = PBXFileReference; lastKnownFileType = sourcecode.swift; path = PhotosDownloadService.swift; sourceTree = "<group>"; };
		47E2B431255154B6001204DB /* PhotoQuerySearchResult.swift */ = {isa = PBXFileReference; lastKnownFileType = sourcecode.swift; path = PhotoQuerySearchResult.swift; sourceTree = "<group>"; };
		47E2B43425515535001204DB /* PhotoData.swift */ = {isa = PBXFileReference; lastKnownFileType = sourcecode.swift; path = PhotoData.swift; sourceTree = "<group>"; };
/* End PBXFileReference section */

/* Begin PBXFrameworksBuildPhase section */
		4709E75125501C02003A97F7 /* Frameworks */ = {
			isa = PBXFrameworksBuildPhase;
			buildActionMask = 2147483647;
			files = (
			);
			runOnlyForDeploymentPostprocessing = 0;
		};
/* End PBXFrameworksBuildPhase section */

/* Begin PBXGroup section */
		4709E74B25501C02003A97F7 = {
			isa = PBXGroup;
			children = (
				4709E75625501C02003A97F7 /* PhotoSearcher */,
				4709E75525501C02003A97F7 /* Products */,
			);
			sourceTree = "<group>";
		};
		4709E75525501C02003A97F7 /* Products */ = {
			isa = PBXGroup;
			children = (
				4709E75425501C02003A97F7 /* PhotoSearcher.app */,
			);
			name = Products;
			sourceTree = "<group>";
		};
		4709E75625501C02003A97F7 /* PhotoSearcher */ = {
			isa = PBXGroup;
			children = (
				4709E75725501C02003A97F7 /* AppDelegate.swift */,
				4709E75925501C02003A97F7 /* SceneDelegate.swift */,
				4709E76825501C05003A97F7 /* Info.plist */,
				4778E3AF255025D6000B0EB7 /* Cells */,
				4709E7742550240C003A97F7 /* Controllers */,
				4732596525516F370088C27C /* Helpers */,
				4778E3B0255025FA000B0EB7 /* Local persistance */,
				4778E3AE255025AB000B0EB7 /* Models */,
				4709E7762550247A003A97F7 /* Networking */,
				4709E7752550241B003A97F7 /* Resources */,
				4725313425541DAD00772ECC /* Storyboards */,
				4725313525541E3300772ECC /* View Models */,
			);
			path = PhotoSearcher;
			sourceTree = "<group>";
		};
		4709E7742550240C003A97F7 /* Controllers */ = {
			isa = PBXGroup;
			children = (
				4778E3C9255045C2000B0EB7 /* Search */,
				4778E3CA255045CA000B0EB7 /* Full Screen */,
			);
			path = Controllers;
			sourceTree = "<group>";
		};
		4709E7752550241B003A97F7 /* Resources */ = {
			isa = PBXGroup;
			children = (
				4778E3B12550265B000B0EB7 /* APIKeys.swift */,
				4709E76325501C04003A97F7 /* Assets.xcassets */,
				4778E3BA2550288F000B0EB7 /* pixabaySecretApiKey.json */,
			);
			path = Resources;
			sourceTree = "<group>";
		};
		4709E7762550247A003A97F7 /* Networking */ = {
			isa = PBXGroup;
			children = (
				47E2B42B25515184001204DB /* PhotosSearchService.swift */,
				47E2B42E255151A4001204DB /* PhotosDownloadService.swift */,
			);
			path = Networking;
			sourceTree = "<group>";
		};
		4725313425541DAD00772ECC /* Storyboards */ = {
			isa = PBXGroup;
			children = (
				4709E76525501C05003A97F7 /* LaunchScreen.storyboard */,
				4709E75D25501C02003A97F7 /* Main.storyboard */,
			);
			path = Storyboards;
			sourceTree = "<group>";
		};
		4725313525541E3300772ECC /* View Models */ = {
			isa = PBXGroup;
			children = (
				47253136255422D200772ECC /* SearchViewModel.swift */,
			);
			path = "View Models";
			sourceTree = "<group>";
		};
		4732596525516F370088C27C /* Helpers */ = {
			isa = PBXGroup;
			children = (
				4732596625516F5E0088C27C /* ActivityIndicatorExtension.swift */,
				4732596B2551950C0088C27C /* BasicAlert.swift */,
				472531302553E9A000772ECC /* NotificationNames.swift */,
			);
			path = Helpers;
			sourceTree = "<group>";
		};
		4778E3AE255025AB000B0EB7 /* Models */ = {
			isa = PBXGroup;
			children = (
				47E2B431255154B6001204DB /* PhotoQuerySearchResult.swift */,
				47E2B43425515535001204DB /* PhotoData.swift */,
				4732596225516B5C0088C27C /* LargePhoto.swift */,
			);
			path = Models;
			sourceTree = "<group>";
		};
		4778E3AF255025D6000B0EB7 /* Cells */ = {
			isa = PBXGroup;
			children = (
				4778E3D525504D44000B0EB7 /* Collection */,
				4778E3D625504D4B000B0EB7 /* Table */,
			);
			path = Cells;
			sourceTree = "<group>";
		};
		4778E3B0255025FA000B0EB7 /* Local persistance */ = {
			isa = PBXGroup;
			children = (
				4732596E2551ACE40088C27C /* SuccessfulSearchHandler.swift */,
				4778E3B5255026F1000B0EB7 /* CoreData */,
			);
			path = "Local persistance";
			sourceTree = "<group>";
		};
		4778E3B5255026F1000B0EB7 /* CoreData */ = {
			isa = PBXGroup;
			children = (
				4709E76025501C02003A97F7 /* PhotoSearcher.xcdatamodeld */,
				473259722551AD370088C27C /* CoreDataManager.swift */,
			);
			path = CoreData;
			sourceTree = "<group>";
		};
		4778E3C9255045C2000B0EB7 /* Search */ = {
			isa = PBXGroup;
			children = (
				4709E75B25501C02003A97F7 /* SearchPhotosController.swift */,
				4778E3CC255045FA000B0EB7 /* SuggestedSearchTableController.swift */,
			);
			path = Search;
			sourceTree = "<group>";
		};
		4778E3CA255045CA000B0EB7 /* Full Screen */ = {
			isa = PBXGroup;
			children = (
				4709E771255023F7003A97F7 /* FullScreenPhotosController.swift */,
			);
			path = "Full Screen";
			sourceTree = "<group>";
		};
		4778E3D525504D44000B0EB7 /* Collection */ = {
			isa = PBXGroup;
			children = (
				4778E3C225502E14000B0EB7 /* PhotoCollectionViewCell.xib */,
				4778E3C5255040C2000B0EB7 /* PhotoCollectionViewCell.swift */,
			);
			path = Collection;
			sourceTree = "<group>";
		};
		4778E3D625504D4B000B0EB7 /* Table */ = {
			isa = PBXGroup;
			children = (
				4778E3CF25504BF1000B0EB7 /* SugestedSearchTableCell.xib */,
				4778E3D225504C79000B0EB7 /* SugestedSearchTableViewCell.swift */,
			);
			path = Table;
			sourceTree = "<group>";
		};
/* End PBXGroup section */

/* Begin PBXNativeTarget section */
		4709E75325501C02003A97F7 /* PhotoSearcher */ = {
			isa = PBXNativeTarget;
			buildConfigurationList = 4709E76B25501C05003A97F7 /* Build configuration list for PBXNativeTarget "PhotoSearcher" */;
			buildPhases = (
				4709E75025501C02003A97F7 /* Sources */,
				4709E75125501C02003A97F7 /* Frameworks */,
				4709E75225501C02003A97F7 /* Resources */,
			);
			buildRules = (
			);
			dependencies = (
			);
			name = PhotoSearcher;
			productName = PhotoSearcher;
			productReference = 4709E75425501C02003A97F7 /* PhotoSearcher.app */;
			productType = "com.apple.product-type.application";
		};
/* End PBXNativeTarget section */

/* Begin PBXProject section */
		4709E74C25501C02003A97F7 /* Project object */ = {
			isa = PBXProject;
			attributes = {
				LastSwiftUpdateCheck = 1210;
				LastUpgradeCheck = 1210;
				TargetAttributes = {
					4709E75325501C02003A97F7 = {
						CreatedOnToolsVersion = 12.1;
					};
				};
			};
			buildConfigurationList = 4709E74F25501C02003A97F7 /* Build configuration list for PBXProject "PhotoSearcher" */;
			compatibilityVersion = "Xcode 9.3";
			developmentRegion = en;
			hasScannedForEncodings = 0;
			knownRegions = (
				en,
				Base,
			);
			mainGroup = 4709E74B25501C02003A97F7;
			productRefGroup = 4709E75525501C02003A97F7 /* Products */;
			projectDirPath = "";
			projectRoot = "";
			targets = (
				4709E75325501C02003A97F7 /* PhotoSearcher */,
			);
		};
/* End PBXProject section */

/* Begin PBXResourcesBuildPhase section */
		4709E75225501C02003A97F7 /* Resources */ = {
			isa = PBXResourcesBuildPhase;
			buildActionMask = 2147483647;
			files = (
				4709E76725501C05003A97F7 /* LaunchScreen.storyboard in Resources */,
				4778E3C325502E14000B0EB7 /* PhotoCollectionViewCell.xib in Resources */,
				4778E3D025504BF1000B0EB7 /* SugestedSearchTableCell.xib in Resources */,
				4709E76425501C04003A97F7 /* Assets.xcassets in Resources */,
				4778E3BB2550288F000B0EB7 /* pixabaySecretApiKey.json in Resources */,
				4709E75F25501C02003A97F7 /* Main.storyboard in Resources */,
			);
			runOnlyForDeploymentPostprocessing = 0;
		};
/* End PBXResourcesBuildPhase section */

/* Begin PBXSourcesBuildPhase section */
		4709E75025501C02003A97F7 /* Sources */ = {
			isa = PBXSourcesBuildPhase;
			buildActionMask = 2147483647;
			files = (
				4778E3B22550265B000B0EB7 /* APIKeys.swift in Sources */,
				4709E75C25501C02003A97F7 /* SearchPhotosController.swift in Sources */,
				4709E772255023F7003A97F7 /* FullScreenPhotosController.swift in Sources */,
				4732596725516F5E0088C27C /* ActivityIndicatorExtension.swift in Sources */,
				4778E3CD255045FA000B0EB7 /* SuggestedSearchTableController.swift in Sources */,
				4732596C2551950C0088C27C /* BasicAlert.swift in Sources */,
				47253137255422D200772ECC /* SearchViewModel.swift in Sources */,
				473259732551AD370088C27C /* CoreDataManager.swift in Sources */,
				4732596325516B5C0088C27C /* LargePhoto.swift in Sources */,
				4709E76225501C02003A97F7 /* PhotoSearcher.xcdatamodeld in Sources */,
				472531312553E9A000772ECC /* NotificationNames.swift in Sources */,
				4778E3D325504C79000B0EB7 /* SugestedSearchTableViewCell.swift in Sources */,
				47E2B42C25515184001204DB /* PhotosSearchService.swift in Sources */,
				4778E3C6255040C2000B0EB7 /* PhotoCollectionViewCell.swift in Sources */,
				47E2B432255154B6001204DB /* PhotoQuerySearchResult.swift in Sources */,
				4709E75825501C02003A97F7 /* AppDelegate.swift in Sources */,
				47E2B42F255151A4001204DB /* PhotosDownloadService.swift in Sources */,
				4709E75A25501C02003A97F7 /* SceneDelegate.swift in Sources */,
				47E2B43525515535001204DB /* PhotoData.swift in Sources */,
				4732596F2551ACE40088C27C /* SuccessfulSearchHandler.swift in Sources */,
			);
			runOnlyForDeploymentPostprocessing = 0;
		};
/* End PBXSourcesBuildPhase section */

/* Begin PBXVariantGroup section */
		4709E75D25501C02003A97F7 /* Main.storyboard */ = {
			isa = PBXVariantGroup;
			children = (
				4709E75E25501C02003A97F7 /* Base */,
			);
			name = Main.storyboard;
			sourceTree = "<group>";
		};
		4709E76525501C05003A97F7 /* LaunchScreen.storyboard */ = {
			isa = PBXVariantGroup;
			children = (
				4709E76625501C05003A97F7 /* Base */,
			);
			name = LaunchScreen.storyboard;
			sourceTree = "<group>";
		};
/* End PBXVariantGroup section */

/* Begin XCBuildConfiguration section */
		4709E76925501C05003A97F7 /* Debug */ = {
			isa = XCBuildConfiguration;
			buildSettings = {
				ALWAYS_SEARCH_USER_PATHS = NO;
				CLANG_ANALYZER_NONNULL = YES;
				CLANG_ANALYZER_NUMBER_OBJECT_CONVERSION = YES_AGGRESSIVE;
				CLANG_CXX_LANGUAGE_STANDARD = "gnu++14";
				CLANG_CXX_LIBRARY = "libc++";
				CLANG_ENABLE_MODULES = YES;
				CLANG_ENABLE_OBJC_ARC = YES;
				CLANG_ENABLE_OBJC_WEAK = YES;
				CLANG_WARN_BLOCK_CAPTURE_AUTORELEASING = YES;
				CLANG_WARN_BOOL_CONVERSION = YES;
				CLANG_WARN_COMMA = YES;
				CLANG_WARN_CONSTANT_CONVERSION = YES;
				CLANG_WARN_DEPRECATED_OBJC_IMPLEMENTATIONS = YES;
				CLANG_WARN_DIRECT_OBJC_ISA_USAGE = YES_ERROR;
				CLANG_WARN_DOCUMENTATION_COMMENTS = YES;
				CLANG_WARN_EMPTY_BODY = YES;
				CLANG_WARN_ENUM_CONVERSION = YES;
				CLANG_WARN_INFINITE_RECURSION = YES;
				CLANG_WARN_INT_CONVERSION = YES;
				CLANG_WARN_NON_LITERAL_NULL_CONVERSION = YES;
				CLANG_WARN_OBJC_IMPLICIT_RETAIN_SELF = YES;
				CLANG_WARN_OBJC_LITERAL_CONVERSION = YES;
				CLANG_WARN_OBJC_ROOT_CLASS = YES_ERROR;
				CLANG_WARN_QUOTED_INCLUDE_IN_FRAMEWORK_HEADER = YES;
				CLANG_WARN_RANGE_LOOP_ANALYSIS = YES;
				CLANG_WARN_STRICT_PROTOTYPES = YES;
				CLANG_WARN_SUSPICIOUS_MOVE = YES;
				CLANG_WARN_UNGUARDED_AVAILABILITY = YES_AGGRESSIVE;
				CLANG_WARN_UNREACHABLE_CODE = YES;
				CLANG_WARN__DUPLICATE_METHOD_MATCH = YES;
				COPY_PHASE_STRIP = NO;
				DEBUG_INFORMATION_FORMAT = dwarf;
				ENABLE_STRICT_OBJC_MSGSEND = YES;
				ENABLE_TESTABILITY = YES;
				GCC_C_LANGUAGE_STANDARD = gnu11;
				GCC_DYNAMIC_NO_PIC = NO;
				GCC_NO_COMMON_BLOCKS = YES;
				GCC_OPTIMIZATION_LEVEL = 0;
				GCC_PREPROCESSOR_DEFINITIONS = (
					"DEBUG=1",
					"$(inherited)",
				);
				GCC_WARN_64_TO_32_BIT_CONVERSION = YES;
				GCC_WARN_ABOUT_RETURN_TYPE = YES_ERROR;
				GCC_WARN_UNDECLARED_SELECTOR = YES;
				GCC_WARN_UNINITIALIZED_AUTOS = YES_AGGRESSIVE;
				GCC_WARN_UNUSED_FUNCTION = YES;
				GCC_WARN_UNUSED_VARIABLE = YES;
				IPHONEOS_DEPLOYMENT_TARGET = 14.1;
				MTL_ENABLE_DEBUG_INFO = INCLUDE_SOURCE;
				MTL_FAST_MATH = YES;
				ONLY_ACTIVE_ARCH = YES;
				SDKROOT = iphoneos;
				SWIFT_ACTIVE_COMPILATION_CONDITIONS = DEBUG;
				SWIFT_OPTIMIZATION_LEVEL = "-Onone";
			};
			name = Debug;
		};
		4709E76A25501C05003A97F7 /* Release */ = {
			isa = XCBuildConfiguration;
			buildSettings = {
				ALWAYS_SEARCH_USER_PATHS = NO;
				CLANG_ANALYZER_NONNULL = YES;
				CLANG_ANALYZER_NUMBER_OBJECT_CONVERSION = YES_AGGRESSIVE;
				CLANG_CXX_LANGUAGE_STANDARD = "gnu++14";
				CLANG_CXX_LIBRARY = "libc++";
				CLANG_ENABLE_MODULES = YES;
				CLANG_ENABLE_OBJC_ARC = YES;
				CLANG_ENABLE_OBJC_WEAK = YES;
				CLANG_WARN_BLOCK_CAPTURE_AUTORELEASING = YES;
				CLANG_WARN_BOOL_CONVERSION = YES;
				CLANG_WARN_COMMA = YES;
				CLANG_WARN_CONSTANT_CONVERSION = YES;
				CLANG_WARN_DEPRECATED_OBJC_IMPLEMENTATIONS = YES;
				CLANG_WARN_DIRECT_OBJC_ISA_USAGE = YES_ERROR;
				CLANG_WARN_DOCUMENTATION_COMMENTS = YES;
				CLANG_WARN_EMPTY_BODY = YES;
				CLANG_WARN_ENUM_CONVERSION = YES;
				CLANG_WARN_INFINITE_RECURSION = YES;
				CLANG_WARN_INT_CONVERSION = YES;
				CLANG_WARN_NON_LITERAL_NULL_CONVERSION = YES;
				CLANG_WARN_OBJC_IMPLICIT_RETAIN_SELF = YES;
				CLANG_WARN_OBJC_LITERAL_CONVERSION = YES;
				CLANG_WARN_OBJC_ROOT_CLASS = YES_ERROR;
				CLANG_WARN_QUOTED_INCLUDE_IN_FRAMEWORK_HEADER = YES;
				CLANG_WARN_RANGE_LOOP_ANALYSIS = YES;
				CLANG_WARN_STRICT_PROTOTYPES = YES;
				CLANG_WARN_SUSPICIOUS_MOVE = YES;
				CLANG_WARN_UNGUARDED_AVAILABILITY = YES_AGGRESSIVE;
				CLANG_WARN_UNREACHABLE_CODE = YES;
				CLANG_WARN__DUPLICATE_METHOD_MATCH = YES;
				COPY_PHASE_STRIP = NO;
				DEBUG_INFORMATION_FORMAT = "dwarf-with-dsym";
				ENABLE_NS_ASSERTIONS = NO;
				ENABLE_STRICT_OBJC_MSGSEND = YES;
				GCC_C_LANGUAGE_STANDARD = gnu11;
				GCC_NO_COMMON_BLOCKS = YES;
				GCC_WARN_64_TO_32_BIT_CONVERSION = YES;
				GCC_WARN_ABOUT_RETURN_TYPE = YES_ERROR;
				GCC_WARN_UNDECLARED_SELECTOR = YES;
				GCC_WARN_UNINITIALIZED_AUTOS = YES_AGGRESSIVE;
				GCC_WARN_UNUSED_FUNCTION = YES;
				GCC_WARN_UNUSED_VARIABLE = YES;
				IPHONEOS_DEPLOYMENT_TARGET = 14.1;
				MTL_ENABLE_DEBUG_INFO = NO;
				MTL_FAST_MATH = YES;
				SDKROOT = iphoneos;
				SWIFT_COMPILATION_MODE = wholemodule;
				SWIFT_OPTIMIZATION_LEVEL = "-O";
				VALIDATE_PRODUCT = YES;
			};
			name = Release;
		};
		4709E76C25501C05003A97F7 /* Debug */ = {
			isa = XCBuildConfiguration;
			buildSettings = {
				ASSETCATALOG_COMPILER_APPICON_NAME = AppIcon;
				ASSETCATALOG_COMPILER_GLOBAL_ACCENT_COLOR_NAME = AccentColor;
				CODE_SIGN_STYLE = Automatic;
				DEVELOPMENT_TEAM = 8C5P567C39;
				INFOPLIST_FILE = PhotoSearcher/Info.plist;
				IPHONEOS_DEPLOYMENT_TARGET = 13.0;
				LD_RUNPATH_SEARCH_PATHS = (
					"$(inherited)",
					"@executable_path/Frameworks",
				);
				PRODUCT_BUNDLE_IDENTIFIER = com.MihaelaSi.PhotoSearcher;
				PRODUCT_NAME = "$(TARGET_NAME)";
				SWIFT_VERSION = 5.0;
				TARGETED_DEVICE_FAMILY = 1;
			};
			name = Debug;
		};
		4709E76D25501C05003A97F7 /* Release */ = {
			isa = XCBuildConfiguration;
			buildSettings = {
				ASSETCATALOG_COMPILER_APPICON_NAME = AppIcon;
				ASSETCATALOG_COMPILER_GLOBAL_ACCENT_COLOR_NAME = AccentColor;
				CODE_SIGN_STYLE = Automatic;
				DEVELOPMENT_TEAM = 8C5P567C39;
				INFOPLIST_FILE = PhotoSearcher/Info.plist;
				IPHONEOS_DEPLOYMENT_TARGET = 13.0;
				LD_RUNPATH_SEARCH_PATHS = (
					"$(inherited)",
					"@executable_path/Frameworks",
				);
				PRODUCT_BUNDLE_IDENTIFIER = com.MihaelaSi.PhotoSearcher;
				PRODUCT_NAME = "$(TARGET_NAME)";
				SWIFT_VERSION = 5.0;
				TARGETED_DEVICE_FAMILY = 1;
			};
			name = Release;
		};
/* End XCBuildConfiguration section */

/* Begin XCConfigurationList section */
		4709E74F25501C02003A97F7 /* Build configuration list for PBXProject "PhotoSearcher" */ = {
			isa = XCConfigurationList;
			buildConfigurations = (
				4709E76925501C05003A97F7 /* Debug */,
				4709E76A25501C05003A97F7 /* Release */,
			);
			defaultConfigurationIsVisible = 0;
			defaultConfigurationName = Release;
		};
		4709E76B25501C05003A97F7 /* Build configuration list for PBXNativeTarget "PhotoSearcher" */ = {
			isa = XCConfigurationList;
			buildConfigurations = (
				4709E76C25501C05003A97F7 /* Debug */,
				4709E76D25501C05003A97F7 /* Release */,
			);
			defaultConfigurationIsVisible = 0;
			defaultConfigurationName = Release;
		};
/* End XCConfigurationList section */

/* Begin XCVersionGroup section */
		4709E76025501C02003A97F7 /* PhotoSearcher.xcdatamodeld */ = {
			isa = XCVersionGroup;
			children = (
				4709E76125501C02003A97F7 /* PhotoSearcher.xcdatamodel */,
			);
			currentVersion = 4709E76125501C02003A97F7 /* PhotoSearcher.xcdatamodel */;
			path = PhotoSearcher.xcdatamodeld;
			sourceTree = "<group>";
			versionGroupType = wrapper.xcdatamodel;
		};
/* End XCVersionGroup section */
	};
	rootObject = 4709E74C25501C02003A97F7 /* Project object */;
}
